// !$*UTF8*$!
{
	archiveVersion = 1;
	classes = {
	};
	objectVersion = 46;
	objects = {

/* Begin PBXBuildFile section */
		476EA6121B94A7040000C285 /* AppDelegate.swift in Sources */ = {isa = PBXBuildFile; fileRef = 476EA6111B94A7040000C285 /* AppDelegate.swift */; };
		476EA6141B94A7040000C285 /* ViewController.swift in Sources */ = {isa = PBXBuildFile; fileRef = 476EA6131B94A7040000C285 /* ViewController.swift */; };
		476EA6171B94A7040000C285 /* Main.storyboard in Resources */ = {isa = PBXBuildFile; fileRef = 476EA6151B94A7040000C285 /* Main.storyboard */; };
		476EA61A1B94A7040000C285 /* PopUpMenuTest.xcdatamodeld in Sources */ = {isa = PBXBuildFile; fileRef = 476EA6181B94A7040000C285 /* PopUpMenuTest.xcdatamodeld */; };
		476EA61C1B94A7040000C285 /* Assets.xcassets in Resources */ = {isa = PBXBuildFile; fileRef = 476EA61B1B94A7040000C285 /* Assets.xcassets */; };
		476EA61F1B94A7040000C285 /* LaunchScreen.storyboard in Resources */ = {isa = PBXBuildFile; fileRef = 476EA61D1B94A7040000C285 /* LaunchScreen.storyboard */; };
		476EA62A1B94A7040000C285 /* PopUpMenuTestTests.swift in Sources */ = {isa = PBXBuildFile; fileRef = 476EA6291B94A7040000C285 /* PopUpMenuTestTests.swift */; };
		476EA6351B94A7040000C285 /* PopUpMenuTestUITests.swift in Sources */ = {isa = PBXBuildFile; fileRef = 476EA6341B94A7040000C285 /* PopUpMenuTestUITests.swift */; };
/* End PBXBuildFile section */

/* Begin PBXContainerItemProxy section */
		476EA6261B94A7040000C285 /* PBXContainerItemProxy */ = {
			isa = PBXContainerItemProxy;
			containerPortal = 476EA6061B94A7040000C285 /* Project object */;
			proxyType = 1;
			remoteGlobalIDString = 476EA60D1B94A7040000C285;
			remoteInfo = PopUpMenuTest;
		};
		476EA6311B94A7040000C285 /* PBXContainerItemProxy */ = {
			isa = PBXContainerItemProxy;
			containerPortal = 476EA6061B94A7040000C285 /* Project object */;
			proxyType = 1;
			remoteGlobalIDString = 476EA60D1B94A7040000C285;
			remoteInfo = PopUpMenuTest;
		};
/* End PBXContainerItemProxy section */

/* Begin PBXFileReference section */
		476EA60E1B94A7040000C285 /* PopUpMenuTest.app */ = {isa = PBXFileReference; explicitFileType = wrapper.application; includeInIndex = 0; path = PopUpMenuTest.app; sourceTree = BUILT_PRODUCTS_DIR; };
		476EA6111B94A7040000C285 /* AppDelegate.swift */ = {isa = PBXFileReference; lastKnownFileType = sourcecode.swift; path = AppDelegate.swift; sourceTree = "<group>"; };
		476EA6131B94A7040000C285 /* ViewController.swift */ = {isa = PBXFileReference; lastKnownFileType = sourcecode.swift; path = ViewController.swift; sourceTree = "<group>"; };
		476EA6161B94A7040000C285 /* Base */ = {isa = PBXFileReference; lastKnownFileType = file.storyboard; name = Base; path = Base.lproj/Main.storyboard; sourceTree = "<group>"; };
		476EA6191B94A7040000C285 /* PopUpMenuTest.xcdatamodel */ = {isa = PBXFileReference; lastKnownFileType = wrapper.xcdatamodel; path = PopUpMenuTest.xcdatamodel; sourceTree = "<group>"; };
		476EA61B1B94A7040000C285 /* Assets.xcassets */ = {isa = PBXFileReference; lastKnownFileType = folder.assetcatalog; path = Assets.xcassets; sourceTree = "<group>"; };
		476EA61E1B94A7040000C285 /* Base */ = {isa = PBXFileReference; lastKnownFileType = file.storyboard; name = Base; path = Base.lproj/LaunchScreen.storyboard; sourceTree = "<group>"; };
		476EA6201B94A7040000C285 /* Info.plist */ = {isa = PBXFileReference; lastKnownFileType = text.plist.xml; path = Info.plist; sourceTree = "<group>"; };
		476EA6251B94A7040000C285 /* PopUpMenuTestTests.xctest */ = {isa = PBXFileReference; explicitFileType = wrapper.cfbundle; includeInIndex = 0; path = PopUpMenuTestTests.xctest; sourceTree = BUILT_PRODUCTS_DIR; };
		476EA6291B94A7040000C285 /* PopUpMenuTestTests.swift */ = {isa = PBXFileReference; lastKnownFileType = sourcecode.swift; path = PopUpMenuTestTests.swift; sourceTree = "<group>"; };
		476EA62B1B94A7040000C285 /* Info.plist */ = {isa = PBXFileReference; lastKnownFileType = text.plist.xml; path = Info.plist; sourceTree = "<group>"; };
		476EA6301B94A7040000C285 /* PopUpMenuTestUITests.xctest */ = {isa = PBXFileReference; explicitFileType = wrapper.cfbundle; includeInIndex = 0; path = PopUpMenuTestUITests.xctest; sourceTree = BUILT_PRODUCTS_DIR; };
		476EA6341B94A7040000C285 /* PopUpMenuTestUITests.swift */ = {isa = PBXFileReference; lastKnownFileType = sourcecode.swift; path = PopUpMenuTestUITests.swift; sourceTree = "<group>"; };
		476EA6361B94A7040000C285 /* Info.plist */ = {isa = PBXFileReference; lastKnownFileType = text.plist.xml; path = Info.plist; sourceTree = "<group>"; };
/* End PBXFileReference section */

/* Begin PBXFrameworksBuildPhase section */
		476EA60B1B94A7040000C285 /* Frameworks */ = {
			isa = PBXFrameworksBuildPhase;
			buildActionMask = 2147483647;
			files = (
			);
			runOnlyForDeploymentPostprocessing = 0;
		};
		476EA6221B94A7040000C285 /* Frameworks */ = {
			isa = PBXFrameworksBuildPhase;
			buildActionMask = 2147483647;
			files = (
			);
			runOnlyForDeploymentPostprocessing = 0;
		};
		476EA62D1B94A7040000C285 /* Frameworks */ = {
			isa = PBXFrameworksBuildPhase;
			buildActionMask = 2147483647;
			files = (
			);
			runOnlyForDeploymentPostprocessing = 0;
		};
/* End PBXFrameworksBuildPhase section */

/* Begin PBXGroup section */
		476EA6051B94A7040000C285 = {
			isa = PBXGroup;
			children = (
				476EA6101B94A7040000C285 /* PopUpMenuTest */,
				476EA6281B94A7040000C285 /* PopUpMenuTestTests */,
				476EA6331B94A7040000C285 /* PopUpMenuTestUITests */,
				476EA60F1B94A7040000C285 /* Products */,
			);
			sourceTree = "<group>";
		};
		476EA60F1B94A7040000C285 /* Products */ = {
			isa = PBXGroup;
			children = (
				476EA60E1B94A7040000C285 /* PopUpMenuTest.app */,
				476EA6251B94A7040000C285 /* PopUpMenuTestTests.xctest */,
				476EA6301B94A7040000C285 /* PopUpMenuTestUITests.xctest */,
			);
			name = Products;
			sourceTree = "<group>";
		};
		476EA6101B94A7040000C285 /* PopUpMenuTest */ = {
			isa = PBXGroup;
			children = (
				476EA6111B94A7040000C285 /* AppDelegate.swift */,
				476EA6131B94A7040000C285 /* ViewController.swift */,
				476EA6151B94A7040000C285 /* Main.storyboard */,
				476EA61B1B94A7040000C285 /* Assets.xcassets */,
				476EA61D1B94A7040000C285 /* LaunchScreen.storyboard */,
				476EA6201B94A7040000C285 /* Info.plist */,
				476EA6181B94A7040000C285 /* PopUpMenuTest.xcdatamodeld */,
			);
			path = PopUpMenuTest;
			sourceTree = "<group>";
		};
		476EA6281B94A7040000C285 /* PopUpMenuTestTests */ = {
			isa = PBXGroup;
			children = (
				476EA6291B94A7040000C285 /* PopUpMenuTestTests.swift */,
				476EA62B1B94A7040000C285 /* Info.plist */,
			);
			path = PopUpMenuTestTests;
			sourceTree = "<group>";
		};
		476EA6331B94A7040000C285 /* PopUpMenuTestUITests */ = {
			isa = PBXGroup;
			children = (
				476EA6341B94A7040000C285 /* PopUpMenuTestUITests.swift */,
				476EA6361B94A7040000C285 /* Info.plist */,
			);
			path = PopUpMenuTestUITests;
			sourceTree = "<group>";
		};
/* End PBXGroup section */

/* Begin PBXNativeTarget section */
		476EA60D1B94A7040000C285 /* PopUpMenuTest */ = {
			isa = PBXNativeTarget;
			buildConfigurationList = 476EA6391B94A7040000C285 /* Build configuration list for PBXNativeTarget "PopUpMenuTest" */;
			buildPhases = (
				476EA60A1B94A7040000C285 /* Sources */,
				476EA60B1B94A7040000C285 /* Frameworks */,
				476EA60C1B94A7040000C285 /* Resources */,
			);
			buildRules = (
			);
			dependencies = (
			);
			name = PopUpMenuTest;
			productName = PopUpMenuTest;
			productReference = 476EA60E1B94A7040000C285 /* PopUpMenuTest.app */;
			productType = "com.apple.product-type.application";
		};
		476EA6241B94A7040000C285 /* PopUpMenuTestTests */ = {
			isa = PBXNativeTarget;
			buildConfigurationList = 476EA63C1B94A7040000C285 /* Build configuration list for PBXNativeTarget "PopUpMenuTestTests" */;
			buildPhases = (
				476EA6211B94A7040000C285 /* Sources */,
				476EA6221B94A7040000C285 /* Frameworks */,
				476EA6231B94A7040000C285 /* Resources */,
			);
			buildRules = (
			);
			dependencies = (
				476EA6271B94A7040000C285 /* PBXTargetDependency */,
			);
			name = PopUpMenuTestTests;
			productName = PopUpMenuTestTests;
			productReference = 476EA6251B94A7040000C285 /* PopUpMenuTestTests.xctest */;
			productType = "com.apple.product-type.bundle.unit-test";
		};
		476EA62F1B94A7040000C285 /* PopUpMenuTestUITests */ = {
			isa = PBXNativeTarget;
			buildConfigurationList = 476EA63F1B94A7040000C285 /* Build configuration list for PBXNativeTarget "PopUpMenuTestUITests" */;
			buildPhases = (
				476EA62C1B94A7040000C285 /* Sources */,
				476EA62D1B94A7040000C285 /* Frameworks */,
				476EA62E1B94A7040000C285 /* Resources */,
			);
			buildRules = (
			);
			dependencies = (
				476EA6321B94A7040000C285 /* PBXTargetDependency */,
			);
			name = PopUpMenuTestUITests;
			productName = PopUpMenuTestUITests;
			productReference = 476EA6301B94A7040000C285 /* PopUpMenuTestUITests.xctest */;
			productType = "com.apple.product-type.bundle.ui-testing";
		};
/* End PBXNativeTarget section */

/* Begin PBXProject section */
		476EA6061B94A7040000C285 /* Project object */ = {
			isa = PBXProject;
			attributes = {
				LastUpgradeCheck = 0700;
				ORGANIZATIONNAME = "Scott Hawley";
				TargetAttributes = {
					476EA60D1B94A7040000C285 = {
						CreatedOnToolsVersion = 7.0;
					};
					476EA6241B94A7040000C285 = {
						CreatedOnToolsVersion = 7.0;
						TestTargetID = 476EA60D1B94A7040000C285;
					};
					476EA62F1B94A7040000C285 = {
						CreatedOnToolsVersion = 7.0;
						TestTargetID = 476EA60D1B94A7040000C285;
					};
				};
			};
			buildConfigurationList = 476EA6091B94A7040000C285 /* Build configuration list for PBXProject "PopUpMenuTest" */;
			compatibilityVersion = "Xcode 3.2";
			developmentRegion = English;
			hasScannedForEncodings = 0;
			knownRegions = (
				en,
				Base,
			);
			mainGroup = 476EA6051B94A7040000C285;
			productRefGroup = 476EA60F1B94A7040000C285 /* Products */;
			projectDirPath = "";
			projectRoot = "";
			targets = (
				476EA60D1B94A7040000C285 /* PopUpMenuTest */,
				476EA6241B94A7040000C285 /* PopUpMenuTestTests */,
				476EA62F1B94A7040000C285 /* PopUpMenuTestUITests */,
			);
		};
/* End PBXProject section */

/* Begin PBXResourcesBuildPhase section */
		476EA60C1B94A7040000C285 /* Resources */ = {
			isa = PBXResourcesBuildPhase;
			buildActionMask = 2147483647;
			files = (
				476EA61F1B94A7040000C285 /* LaunchScreen.storyboard in Resources */,
				476EA61C1B94A7040000C285 /* Assets.xcassets in Resources */,
				476EA6171B94A7040000C285 /* Main.storyboard in Resources */,
			);
			runOnlyForDeploymentPostprocessing = 0;
		};
		476EA6231B94A7040000C285 /* Resources */ = {
			isa = PBXResourcesBuildPhase;
			buildActionMask = 2147483647;
			files = (
			);
			runOnlyForDeploymentPostprocessing = 0;
		};
		476EA62E1B94A7040000C285 /* Resources */ = {
			isa = PBXResourcesBuildPhase;
			buildActionMask = 2147483647;
			files = (
			);
			runOnlyForDeploymentPostprocessing = 0;
		};
/* End PBXResourcesBuildPhase section */

/* Begin PBXSourcesBuildPhase section */
		476EA60A1B94A7040000C285 /* Sources */ = {
			isa = PBXSourcesBuildPhase;
			buildActionMask = 2147483647;
			files = (
				476EA61A1B94A7040000C285 /* PopUpMenuTest.xcdatamodeld in Sources */,
				476EA6141B94A7040000C285 /* ViewController.swift in Sources */,
				476EA6121B94A7040000C285 /* AppDelegate.swift in Sources */,
			);
			runOnlyForDeploymentPostprocessing = 0;
		};
		476EA6211B94A7040000C285 /* Sources */ = {
			isa = PBXSourcesBuildPhase;
			buildActionMask = 2147483647;
			files = (
				476EA62A1B94A7040000C285 /* PopUpMenuTestTests.swift in Sources */,
			);
			runOnlyForDeploymentPostprocessing = 0;
		};
		476EA62C1B94A7040000C285 /* Sources */ = {
			isa = PBXSourcesBuildPhase;
			buildActionMask = 2147483647;
			files = (
				476EA6351B94A7040000C285 /* PopUpMenuTestUITests.swift in Sources */,
			);
			runOnlyForDeploymentPostprocessing = 0;
		};
/* End PBXSourcesBuildPhase section */

/* Begin PBXTargetDependency section */
		476EA6271B94A7040000C285 /* PBXTargetDependency */ = {
			isa = PBXTargetDependency;
			target = 476EA60D1B94A7040000C285 /* PopUpMenuTest */;
			targetProxy = 476EA6261B94A7040000C285 /* PBXContainerItemProxy */;
		};
		476EA6321B94A7040000C285 /* PBXTargetDependency */ = {
			isa = PBXTargetDependency;
			target = 476EA60D1B94A7040000C285 /* PopUpMenuTest */;
			targetProxy = 476EA6311B94A7040000C285 /* PBXContainerItemProxy */;
		};
/* End PBXTargetDependency section */

/* Begin PBXVariantGroup section */
		476EA6151B94A7040000C285 /* Main.storyboard */ = {
			isa = PBXVariantGroup;
			children = (
				476EA6161B94A7040000C285 /* Base */,
			);
			name = Main.storyboard;
			sourceTree = "<group>";
		};
		476EA61D1B94A7040000C285 /* LaunchScreen.storyboard */ = {
			isa = PBXVariantGroup;
			children = (
				476EA61E1B94A7040000C285 /* Base */,
			);
			name = LaunchScreen.storyboard;
			sourceTree = "<group>";
		};
/* End PBXVariantGroup section */

/* Begin XCBuildConfiguration section */
		476EA6371B94A7040000C285 /* Debug */ = {
			isa = XCBuildConfiguration;
			buildSettings = {
				ALWAYS_SEARCH_USER_PATHS = NO;
				CLANG_CXX_LANGUAGE_STANDARD = "gnu++0x";
				CLANG_CXX_LIBRARY = "libc++";
				CLANG_ENABLE_MODULES = YES;
				CLANG_ENABLE_OBJC_ARC = YES;
				CLANG_WARN_BOOL_CONVERSION = YES;
				CLANG_WARN_CONSTANT_CONVERSION = YES;
				CLANG_WARN_DIRECT_OBJC_ISA_USAGE = YES_ERROR;
				CLANG_WARN_EMPTY_BODY = YES;
				CLANG_WARN_ENUM_CONVERSION = YES;
				CLANG_WARN_INT_CONVERSION = YES;
				CLANG_WARN_OBJC_ROOT_CLASS = YES_ERROR;
				CLANG_WARN_UNREACHABLE_CODE = YES;
				CLANG_WARN__DUPLICATE_METHOD_MATCH = YES;
				"CODE_SIGN_IDENTITY[sdk=iphoneos*]" = "iPhone Developer";
				COPY_PHASE_STRIP = NO;
				DEBUG_INFORMATION_FORMAT = dwarf;
				ENABLE_STRICT_OBJC_MSGSEND = YES;
				ENABLE_TESTABILITY = YES;
				GCC_C_LANGUAGE_STANDARD = gnu99;
				GCC_DYNAMIC_NO_PIC = NO;
				GCC_NO_COMMON_BLOCKS = YES;
				GCC_OPTIMIZATION_LEVEL = 0;
				GCC_PREPROCESSOR_DEFINITIONS = (
					"DEBUG=1",
					"$(inherited)",
				);
				GCC_WARN_64_TO_32_BIT_CONVERSION = YES;
				GCC_WARN_ABOUT_RETURN_TYPE = YES_ERROR;
				GCC_WARN_UNDECLARED_SELECTOR = YES;
				GCC_WARN_UNINITIALIZED_AUTOS = YES_AGGRESSIVE;
				GCC_WARN_UNUSED_FUNCTION = YES;
				GCC_WARN_UNUSED_VARIABLE = YES;
				IPHONEOS_DEPLOYMENT_TARGET = 9.0;
				MTL_ENABLE_DEBUG_INFO = YES;
				ONLY_ACTIVE_ARCH = YES;
				SDKROOT = iphoneos;
				SWIFT_OPTIMIZATION_LEVEL = "-Onone";
				TARGETED_DEVICE_FAMILY = "1,2";
			};
			name = Debug;
		};
		476EA6381B94A7040000C285 /* Release */ = {
			isa = XCBuildConfiguration;
			buildSettings = {
				ALWAYS_SEARCH_USER_PATHS = NO;
				CLANG_CXX_LANGUAGE_STANDARD = "gnu++0x";
				CLANG_CXX_LIBRARY = "libc++";
				CLANG_ENABLE_MODULES = YES;
				CLANG_ENABLE_OBJC_ARC = YES;
				CLANG_WARN_BOOL_CONVERSION = YES;
				CLANG_WARN_CONSTANT_CONVERSION = YES;
				CLANG_WARN_DIRECT_OBJC_ISA_USAGE = YES_ERROR;
				CLANG_WARN_EMPTY_BODY = YES;
				CLANG_WARN_ENUM_CONVERSION = YES;
				CLANG_WARN_INT_CONVERSION = YES;
				CLANG_WARN_OBJC_ROOT_CLASS = YES_ERROR;
				CLANG_WARN_UNREACHABLE_CODE = YES;
				CLANG_WARN__DUPLICATE_METHOD_MATCH = YES;
				"CODE_SIGN_IDENTITY[sdk=iphoneos*]" = "iPhone Developer";
				COPY_PHASE_STRIP = NO;
				DEBUG_INFORMATION_FORMAT = "dwarf-with-dsym";
				ENABLE_NS_ASSERTIONS = NO;
				ENABLE_STRICT_OBJC_MSGSEND = YES;
				GCC_C_LANGUAGE_STANDARD = gnu99;
				GCC_NO_COMMON_BLOCKS = YES;
				GCC_WARN_64_TO_32_BIT_CONVERSION = YES;
				GCC_WARN_ABOUT_RETURN_TYPE = YES_ERROR;
				GCC_WARN_UNDECLARED_SELECTOR = YES;
				GCC_WARN_UNINITIALIZED_AUTOS = YES_AGGRESSIVE;
				GCC_WARN_UNUSED_FUNCTION = YES;
				GCC_WARN_UNUSED_VARIABLE = YES;
				IPHONEOS_DEPLOYMENT_TARGET = 9.0;
				MTL_ENABLE_DEBUG_INFO = NO;
				SDKROOT = iphoneos;
				TARGETED_DEVICE_FAMILY = "1,2";
				VALIDATE_PRODUCT = YES;
			};
			name = Release;
		};
		476EA63A1B94A7040000C285 /* Debug */ = {
			isa = XCBuildConfiguration;
			buildSettings = {
				ASSETCATALOG_COMPILER_APPICON_NAME = AppIcon;
				INFOPLIST_FILE = PopUpMenuTest/Info.plist;
				LD_RUNPATH_SEARCH_PATHS = "$(inherited) @executable_path/Frameworks";
				PRODUCT_BUNDLE_IDENTIFIER = com.scotthawley.com.PopUpMenuTest;
				PRODUCT_NAME = "$(TARGET_NAME)";
			};
			name = Debug;
		};
		476EA63B1B94A7040000C285 /* Release */ = {
			isa = XCBuildConfiguration;
			buildSettings = {
				ASSETCATALOG_COMPILER_APPICON_NAME = AppIcon;
				INFOPLIST_FILE = PopUpMenuTest/Info.plist;
				LD_RUNPATH_SEARCH_PATHS = "$(inherited) @executable_path/Frameworks";
				PRODUCT_BUNDLE_IDENTIFIER = com.scotthawley.com.PopUpMenuTest;
				PRODUCT_NAME = "$(TARGET_NAME)";
			};
			name = Release;
		};
		476EA63D1B94A7040000C285 /* Debug */ = {
			isa = XCBuildConfiguration;
			buildSettings = {
				BUNDLE_LOADER = "$(TEST_HOST)";
				INFOPLIST_FILE = PopUpMenuTestTests/Info.plist;
				LD_RUNPATH_SEARCH_PATHS = "$(inherited) @executable_path/Frameworks @loader_path/Frameworks";
				PRODUCT_BUNDLE_IDENTIFIER = com.scotthawley.com.PopUpMenuTestTests;
				PRODUCT_NAME = "$(TARGET_NAME)";
				TEST_HOST = "$(BUILT_PRODUCTS_DIR)/PopUpMenuTest.app/PopUpMenuTest";
			};
			name = Debug;
		};
		476EA63E1B94A7040000C285 /* Release */ = {
			isa = XCBuildConfiguration;
			buildSettings = {
				BUNDLE_LOADER = "$(TEST_HOST)";
				INFOPLIST_FILE = PopUpMenuTestTests/Info.plist;
				LD_RUNPATH_SEARCH_PATHS = "$(inherited) @executable_path/Frameworks @loader_path/Frameworks";
				PRODUCT_BUNDLE_IDENTIFIER = com.scotthawley.com.PopUpMenuTestTests;
				PRODUCT_NAME = "$(TARGET_NAME)";
				TEST_HOST = "$(BUILT_PRODUCTS_DIR)/PopUpMenuTest.app/PopUpMenuTest";
			};
			name = Release;
		};
		476EA6401B94A7040000C285 /* Debug */ = {
			isa = XCBuildConfiguration;
			buildSettings = {
				INFOPLIST_FILE = PopUpMenuTestUITests/Info.plist;
				LD_RUNPATH_SEARCH_PATHS = "$(inherited) @executable_path/Frameworks @loader_path/Frameworks";
				PRODUCT_BUNDLE_IDENTIFIER = com.scotthawley.com.PopUpMenuTestUITests;
				PRODUCT_NAME = "$(TARGET_NAME)";
				TEST_TARGET_NAME = PopUpMenuTest;
				USES_XCTRUNNER = YES;
			};
			name = Debug;
		};
		476EA6411B94A7040000C285 /* Release */ = {
			isa = XCBuildConfiguration;
			buildSettings = {
				INFOPLIST_FILE = PopUpMenuTestUITests/Info.plist;
				LD_RUNPATH_SEARCH_PATHS = "$(inherited) @executable_path/Frameworks @loader_path/Frameworks";
				PRODUCT_BUNDLE_IDENTIFIER = com.scotthawley.com.PopUpMenuTestUITests;
				PRODUCT_NAME = "$(TARGET_NAME)";
				TEST_TARGET_NAME = PopUpMenuTest;
				USES_XCTRUNNER = YES;
			};
			name = Release;
		};
/* End XCBuildConfiguration section */

/* Begin XCConfigurationList section */
		476EA6091B94A7040000C285 /* Build configuration list for PBXProject "PopUpMenuTest" */ = {
			isa = XCConfigurationList;
			buildConfigurations = (
				476EA6371B94A7040000C285 /* Debug */,
				476EA6381B94A7040000C285 /* Release */,
			);
			defaultConfigurationIsVisible = 0;
			defaultConfigurationName = Release;
		};
		476EA6391B94A7040000C285 /* Build configuration list for PBXNativeTarget "PopUpMenuTest" */ = {
			isa = XCConfigurationList;
			buildConfigurations = (
				476EA63A1B94A7040000C285 /* Debug */,
				476EA63B1B94A7040000C285 /* Release */,
			);
			defaultConfigurationIsVisible = 0;
		};
		476EA63C1B94A7040000C285 /* Build configuration list for PBXNativeTarget "PopUpMenuTestTests" */ = {
			isa = XCConfigurationList;
			buildConfigurations = (
				476EA63D1B94A7040000C285 /* Debug */,
				476EA63E1B94A7040000C285 /* Release */,
			);
			defaultConfigurationIsVisible = 0;
		};
		476EA63F1B94A7040000C285 /* Build configuration list for PBXNativeTarget "PopUpMenuTestUITests" */ = {
			isa = XCConfigurationList;
			buildConfigurations = (
				476EA6401B94A7040000C285 /* Debug */,
				476EA6411B94A7040000C285 /* Release */,
			);
			defaultConfigurationIsVisible = 0;
		};
/* End XCConfigurationList section */

/* Begin XCVersionGroup section */
		476EA6181B94A7040000C285 /* PopUpMenuTest.xcdatamodeld */ = {
			isa = XCVersionGroup;
			children = (
				476EA6191B94A7040000C285 /* PopUpMenuTest.xcdatamodel */,
			);
			currentVersion = 476EA6191B94A7040000C285 /* PopUpMenuTest.xcdatamodel */;
			path = PopUpMenuTest.xcdatamodeld;
			sourceTree = "<group>";
			versionGroupType = wrapper.xcdatamodel;
		};
/* End XCVersionGroup section */
	};
	rootObject = 476EA6061B94A7040000C285 /* Project object */;
}
